
Microsoft Visual Studio Solution File, Format Version 12.00
# Visual Studio 14
VisualStudioVersion = 14.0.23107.0
MinimumVisualStudioVersion = 10.0.40219.1
Project("{8BC9CEB8-8B4A-11D0-8D11-00A0C91BC942}") = "libexpat", "projects\libexpat.vcxproj", "{1CCE5D52-BBB6-4B95-91A7-2D7233CE2A3F}"
EndProject
Project("{8BC9CEB8-8B4A-11D0-8D11-00A0C91BC942}") = "freetype", "projects\freetype.vcxproj", "{6872189D-DB89-45D6-902F-57957CF0D3A3}"
EndProject
Project("{8BC9CEB8-8B4A-11D0-8D11-00A0C91BC942}") = "libmad", "projects\libmad.vcxproj", "{1BF37A62-8B73-485E-BB57-A1E53194DC2A}"
EndProject
Project("{8BC9CEB8-8B4A-11D0-8D11-00A0C91BC942}") = "libogg", "projects\libogg.vcxproj", "{F622D7C2-A0E6-4100-92F7-1ADD10B1F43D}"
EndProject
Project("{8BC9CEB8-8B4A-11D0-8D11-00A0C91BC942}") = "libpng", "projects\libpng.vcxproj", "{37534037-C342-41A1-877D-A6D4B49A7E9C}"
EndProject
Project("{8BC9CEB8-8B4A-11D0-8D11-00A0C91BC942}") = "zlib", "projects\zlib.vcxproj", "{FD1FDC09-4CBE-45B4-B240-59C97829689F}"
EndProject
Project("{8BC9CEB8-8B4A-11D0-8D11-00A0C91BC942}") = "libvorbis", "projects\libvorbis.vcxproj", "{29F98211-9E20-414D-885E-806C47729D03}"
EndProject
Project("{8BC9CEB8-8B4A-11D0-8D11-00A0C91BC942}") = "libvorbisfile", "projects\libvorbisfile.vcxproj", "{9B4BB015-E8C1-4553-BBA1-6E772A4ACE73}"
EndProject
Project("{8BC9CEB8-8B4A-11D0-8D11-00A0C91BC942}") = "pixman", "projects\pixman.vcxproj", "{4D4EC5F7-5BED-45B5-9AB8-83AA3C4312B8}"
EndProject
Project("{8BC9CEB8-8B4A-11D0-8D11-00A0C91BC942}") = "SDL2", "projects\SDL2.vcxproj", "{BEE97849-0337-4514-A838-3443F76DB6A3}"
EndProject
Project("{8BC9CEB8-8B4A-11D0-8D11-00A0C91BC942}") = "nativemidi", "projects\native_midi.vcxproj", "{9D2A28DE-03F2-43EE-85B1-70BF30AFE791}"
EndProject
Project("{8BC9CEB8-8B4A-11D0-8D11-00A0C91BC942}") = "SDL2_image", "projects\SDL2_image.vcxproj", "{0E90F6A2-268E-4D32-96C7-8EDBBD2AB745}"
EndProject
Project("{8BC9CEB8-8B4A-11D0-8D11-00A0C91BC942}") = "SDL2_main", "projects\SDL2main.vcxproj", "{367354D0-DD6E-4E5C-9507-B5894CF27C9E}"
EndProject
Project("{8BC9CEB8-8B4A-11D0-8D11-00A0C91BC942}") = "SDL2_mixer", "projects\SDL2_mixer.vcxproj", "{2A82E886-E2B6-410C-A0D0-02090DE0CA2F}"
EndProject
Project("{8BC9CEB8-8B4A-11D0-8D11-00A0C91BC942}") = "SDL2_ttf", "projects\SDL2_ttf.vcxproj", "{CBA9D712-3F5A-4354-AA70-50E99DDA39DB}"
EndProject
Project("{8BC9CEB8-8B4A-11D0-8D11-00A0C91BC942}") = "libmodplug", "projects\libmodplug.vcxproj", "{2A021BA4-9605-4881-8C68-C3E2DAAE29CE}"
EndProject
Global
	GlobalSection(SolutionConfigurationPlatforms) = preSolution
		Debug_DLL|x64 = Debug_DLL|x64
		Debug_DLL|x86 = Debug_DLL|x86
		Debug|x64 = Debug|x64
		Debug|x86 = Debug|x86
		Release_DLL|x64 = Release_DLL|x64
		Release_DLL|x86 = Release_DLL|x86
		Release|x64 = Release|x64
		Release|x86 = Release|x86
	EndGlobalSection
	GlobalSection(ProjectConfigurationPlatforms) = postSolution
		{1CCE5D52-BBB6-4B95-91A7-2D7233CE2A3F}.Debug_DLL|x64.ActiveCfg = Debug_DLL|x64
		{1CCE5D52-BBB6-4B95-91A7-2D7233CE2A3F}.Debug_DLL|x64.Build.0 = Debug_DLL|x64
		{1CCE5D52-BBB6-4B95-91A7-2D7233CE2A3F}.Debug_DLL|x86.ActiveCfg = Debug_DLL|Win32
		{1CCE5D52-BBB6-4B95-91A7-2D7233CE2A3F}.Debug_DLL|x86.Build.0 = Debug_DLL|Win32
		{1CCE5D52-BBB6-4B95-91A7-2D7233CE2A3F}.Debug|x64.ActiveCfg = Debug|x64
		{1CCE5D52-BBB6-4B95-91A7-2D7233CE2A3F}.Debug|x64.Build.0 = Debug|x64
		{1CCE5D52-BBB6-4B95-91A7-2D7233CE2A3F}.Debug|x86.ActiveCfg = Debug|Win32
		{1CCE5D52-BBB6-4B95-91A7-2D7233CE2A3F}.Debug|x86.Build.0 = Debug|Win32
		{1CCE5D52-BBB6-4B95-91A7-2D7233CE2A3F}.Release_DLL|x64.ActiveCfg = Release_DLL|x64
		{1CCE5D52-BBB6-4B95-91A7-2D7233CE2A3F}.Release_DLL|x64.Build.0 = Release_DLL|x64
		{1CCE5D52-BBB6-4B95-91A7-2D7233CE2A3F}.Release_DLL|x86.ActiveCfg = Release_DLL|Win32
		{1CCE5D52-BBB6-4B95-91A7-2D7233CE2A3F}.Release_DLL|x86.Build.0 = Release_DLL|Win32
		{1CCE5D52-BBB6-4B95-91A7-2D7233CE2A3F}.Release|x64.ActiveCfg = Release|x64
		{1CCE5D52-BBB6-4B95-91A7-2D7233CE2A3F}.Release|x64.Build.0 = Release|x64
		{1CCE5D52-BBB6-4B95-91A7-2D7233CE2A3F}.Release|x86.ActiveCfg = Release|Win32
		{1CCE5D52-BBB6-4B95-91A7-2D7233CE2A3F}.Release|x86.Build.0 = Release|Win32
		{6872189D-DB89-45D6-902F-57957CF0D3A3}.Debug_DLL|x64.ActiveCfg = Debug_DLL|x64
		{6872189D-DB89-45D6-902F-57957CF0D3A3}.Debug_DLL|x64.Build.0 = Debug_DLL|x64
		{6872189D-DB89-45D6-902F-57957CF0D3A3}.Debug_DLL|x86.ActiveCfg = Debug_DLL|Win32
		{6872189D-DB89-45D6-902F-57957CF0D3A3}.Debug_DLL|x86.Build.0 = Debug_DLL|Win32
		{6872189D-DB89-45D6-902F-57957CF0D3A3}.Debug|x64.ActiveCfg = Debug|x64
		{6872189D-DB89-45D6-902F-57957CF0D3A3}.Debug|x64.Build.0 = Debug|x64
		{6872189D-DB89-45D6-902F-57957CF0D3A3}.Debug|x86.ActiveCfg = Debug|Win32
		{6872189D-DB89-45D6-902F-57957CF0D3A3}.Debug|x86.Build.0 = Debug|Win32
		{6872189D-DB89-45D6-902F-57957CF0D3A3}.Release_DLL|x64.ActiveCfg = Release_DLL|x64
		{6872189D-DB89-45D6-902F-57957CF0D3A3}.Release_DLL|x64.Build.0 = Release_DLL|x64
		{6872189D-DB89-45D6-902F-57957CF0D3A3}.Release_DLL|x86.ActiveCfg = Release_DLL|Win32
		{6872189D-DB89-45D6-902F-57957CF0D3A3}.Release_DLL|x86.Build.0 = Release_DLL|Win32
		{6872189D-DB89-45D6-902F-57957CF0D3A3}.Release|x64.ActiveCfg = Release|x64
		{6872189D-DB89-45D6-902F-57957CF0D3A3}.Release|x64.Build.0 = Release|x64
		{6872189D-DB89-45D6-902F-57957CF0D3A3}.Release|x86.ActiveCfg = Release|Win32
		{6872189D-DB89-45D6-902F-57957CF0D3A3}.Release|x86.Build.0 = Release|Win32
		{1BF37A62-8B73-485E-BB57-A1E53194DC2A}.Debug_DLL|x64.ActiveCfg = Debug_DLL|x64
		{1BF37A62-8B73-485E-BB57-A1E53194DC2A}.Debug_DLL|x64.Build.0 = Debug_DLL|x64
		{1BF37A62-8B73-485E-BB57-A1E53194DC2A}.Debug_DLL|x86.ActiveCfg = Debug_DLL|Win32
		{1BF37A62-8B73-485E-BB57-A1E53194DC2A}.Debug_DLL|x86.Build.0 = Debug_DLL|Win32
		{1BF37A62-8B73-485E-BB57-A1E53194DC2A}.Debug|x64.ActiveCfg = Debug|x64
		{1BF37A62-8B73-485E-BB57-A1E53194DC2A}.Debug|x64.Build.0 = Debug|x64
		{1BF37A62-8B73-485E-BB57-A1E53194DC2A}.Debug|x86.ActiveCfg = Debug|Win32
		{1BF37A62-8B73-485E-BB57-A1E53194DC2A}.Debug|x86.Build.0 = Debug|Win32
		{1BF37A62-8B73-485E-BB57-A1E53194DC2A}.Release_DLL|x64.ActiveCfg = Release_DLL|x64
		{1BF37A62-8B73-485E-BB57-A1E53194DC2A}.Release_DLL|x64.Build.0 = Release_DLL|x64
		{1BF37A62-8B73-485E-BB57-A1E53194DC2A}.Release_DLL|x86.ActiveCfg = Release_DLL|Win32
		{1BF37A62-8B73-485E-BB57-A1E53194DC2A}.Release_DLL|x86.Build.0 = Release_DLL|Win32
		{1BF37A62-8B73-485E-BB57-A1E53194DC2A}.Release|x64.ActiveCfg = Release|x64
		{1BF37A62-8B73-485E-BB57-A1E53194DC2A}.Release|x64.Build.0 = Release|x64
		{1BF37A62-8B73-485E-BB57-A1E53194DC2A}.Release|x86.ActiveCfg = Release|Win32
		{1BF37A62-8B73-485E-BB57-A1E53194DC2A}.Release|x86.Build.0 = Release|Win32
		{F622D7C2-A0E6-4100-92F7-1ADD10B1F43D}.Debug_DLL|x64.ActiveCfg = Debug_DLL|x64
		{F622D7C2-A0E6-4100-92F7-1ADD10B1F43D}.Debug_DLL|x64.Build.0 = Debug_DLL|x64
		{F622D7C2-A0E6-4100-92F7-1ADD10B1F43D}.Debug_DLL|x86.ActiveCfg = Debug_DLL|Win32
		{F622D7C2-A0E6-4100-92F7-1ADD10B1F43D}.Debug_DLL|x86.Build.0 = Debug_DLL|Win32
		{F622D7C2-A0E6-4100-92F7-1ADD10B1F43D}.Debug|x64.ActiveCfg = Debug|x64
		{F622D7C2-A0E6-4100-92F7-1ADD10B1F43D}.Debug|x64.Build.0 = Debug|x64
		{F622D7C2-A0E6-4100-92F7-1ADD10B1F43D}.Debug|x86.ActiveCfg = Debug|Win32
		{F622D7C2-A0E6-4100-92F7-1ADD10B1F43D}.Debug|x86.Build.0 = Debug|Win32
		{F622D7C2-A0E6-4100-92F7-1ADD10B1F43D}.Release_DLL|x64.ActiveCfg = Release_DLL|x64
		{F622D7C2-A0E6-4100-92F7-1ADD10B1F43D}.Release_DLL|x64.Build.0 = Release_DLL|x64
		{F622D7C2-A0E6-4100-92F7-1ADD10B1F43D}.Release_DLL|x86.ActiveCfg = Release_DLL|Win32
		{F622D7C2-A0E6-4100-92F7-1ADD10B1F43D}.Release_DLL|x86.Build.0 = Release_DLL|Win32
		{F622D7C2-A0E6-4100-92F7-1ADD10B1F43D}.Release|x64.ActiveCfg = Release|x64
		{F622D7C2-A0E6-4100-92F7-1ADD10B1F43D}.Release|x64.Build.0 = Release|x64
		{F622D7C2-A0E6-4100-92F7-1ADD10B1F43D}.Release|x86.ActiveCfg = Release|Win32
		{F622D7C2-A0E6-4100-92F7-1ADD10B1F43D}.Release|x86.Build.0 = Release|Win32
		{37534037-C342-41A1-877D-A6D4B49A7E9C}.Debug_DLL|x64.ActiveCfg = Debug_DLL|x64
		{37534037-C342-41A1-877D-A6D4B49A7E9C}.Debug_DLL|x64.Build.0 = Debug_DLL|x64
		{37534037-C342-41A1-877D-A6D4B49A7E9C}.Debug_DLL|x86.ActiveCfg = Debug_DLL|Win32
		{37534037-C342-41A1-877D-A6D4B49A7E9C}.Debug_DLL|x86.Build.0 = Debug_DLL|Win32
		{37534037-C342-41A1-877D-A6D4B49A7E9C}.Debug|x64.ActiveCfg = Debug|x64
		{37534037-C342-41A1-877D-A6D4B49A7E9C}.Debug|x64.Build.0 = Debug|x64
		{37534037-C342-41A1-877D-A6D4B49A7E9C}.Debug|x86.ActiveCfg = Debug|Win32
		{37534037-C342-41A1-877D-A6D4B49A7E9C}.Debug|x86.Build.0 = Debug|Win32
		{37534037-C342-41A1-877D-A6D4B49A7E9C}.Release_DLL|x64.ActiveCfg = Release_DLL|x64
		{37534037-C342-41A1-877D-A6D4B49A7E9C}.Release_DLL|x64.Build.0 = Release_DLL|x64
		{37534037-C342-41A1-877D-A6D4B49A7E9C}.Release_DLL|x86.ActiveCfg = Release_DLL|Win32
		{37534037-C342-41A1-877D-A6D4B49A7E9C}.Release_DLL|x86.Build.0 = Release_DLL|Win32
		{37534037-C342-41A1-877D-A6D4B49A7E9C}.Release|x64.ActiveCfg = Release|x64
		{37534037-C342-41A1-877D-A6D4B49A7E9C}.Release|x64.Build.0 = Release|x64
		{37534037-C342-41A1-877D-A6D4B49A7E9C}.Release|x86.ActiveCfg = Release|Win32
		{37534037-C342-41A1-877D-A6D4B49A7E9C}.Release|x86.Build.0 = Release|Win32
		{FD1FDC09-4CBE-45B4-B240-59C97829689F}.Debug_DLL|x64.ActiveCfg = Debug_DLL|x64
		{FD1FDC09-4CBE-45B4-B240-59C97829689F}.Debug_DLL|x64.Build.0 = Debug_DLL|x64
		{FD1FDC09-4CBE-45B4-B240-59C97829689F}.Debug_DLL|x86.ActiveCfg = Debug_DLL|Win32
		{FD1FDC09-4CBE-45B4-B240-59C97829689F}.Debug_DLL|x86.Build.0 = Debug_DLL|Win32
		{FD1FDC09-4CBE-45B4-B240-59C97829689F}.Debug|x64.ActiveCfg = Debug|x64
		{FD1FDC09-4CBE-45B4-B240-59C97829689F}.Debug|x64.Build.0 = Debug|x64
		{FD1FDC09-4CBE-45B4-B240-59C97829689F}.Debug|x86.ActiveCfg = Debug|Win32
		{FD1FDC09-4CBE-45B4-B240-59C97829689F}.Debug|x86.Build.0 = Debug|Win32
		{FD1FDC09-4CBE-45B4-B240-59C97829689F}.Release_DLL|x64.ActiveCfg = Release_DLL|x64
		{FD1FDC09-4CBE-45B4-B240-59C97829689F}.Release_DLL|x64.Build.0 = Release_DLL|x64
		{FD1FDC09-4CBE-45B4-B240-59C97829689F}.Release_DLL|x86.ActiveCfg = Release_DLL|Win32
		{FD1FDC09-4CBE-45B4-B240-59C97829689F}.Release_DLL|x86.Build.0 = Release_DLL|Win32
		{FD1FDC09-4CBE-45B4-B240-59C97829689F}.Release|x64.ActiveCfg = Release|x64
		{FD1FDC09-4CBE-45B4-B240-59C97829689F}.Release|x64.Build.0 = Release|x64
		{FD1FDC09-4CBE-45B4-B240-59C97829689F}.Release|x86.ActiveCfg = Release|Win32
		{FD1FDC09-4CBE-45B4-B240-59C97829689F}.Release|x86.Build.0 = Release|Win32
		{29F98211-9E20-414D-885E-806C47729D03}.Debug_DLL|x64.ActiveCfg = Debug_DLL|x64
		{29F98211-9E20-414D-885E-806C47729D03}.Debug_DLL|x64.Build.0 = Debug_DLL|x64
		{29F98211-9E20-414D-885E-806C47729D03}.Debug_DLL|x86.ActiveCfg = Debug_DLL|Win32
		{29F98211-9E20-414D-885E-806C47729D03}.Debug_DLL|x86.Build.0 = Debug_DLL|Win32
		{29F98211-9E20-414D-885E-806C47729D03}.Debug|x64.ActiveCfg = Debug|x64
		{29F98211-9E20-414D-885E-806C47729D03}.Debug|x64.Build.0 = Debug|x64
		{29F98211-9E20-414D-885E-806C47729D03}.Debug|x86.ActiveCfg = Debug|Win32
		{29F98211-9E20-414D-885E-806C47729D03}.Debug|x86.Build.0 = Debug|Win32
		{29F98211-9E20-414D-885E-806C47729D03}.Release_DLL|x64.ActiveCfg = Release_DLL|x64
		{29F98211-9E20-414D-885E-806C47729D03}.Release_DLL|x64.Build.0 = Release_DLL|x64
		{29F98211-9E20-414D-885E-806C47729D03}.Release_DLL|x86.ActiveCfg = Release_DLL|Win32
		{29F98211-9E20-414D-885E-806C47729D03}.Release_DLL|x86.Build.0 = Release_DLL|Win32
		{29F98211-9E20-414D-885E-806C47729D03}.Release|x64.ActiveCfg = Release|x64
		{29F98211-9E20-414D-885E-806C47729D03}.Release|x64.Build.0 = Release|x64
		{29F98211-9E20-414D-885E-806C47729D03}.Release|x86.ActiveCfg = Release|Win32
		{29F98211-9E20-414D-885E-806C47729D03}.Release|x86.Build.0 = Release|Win32
		{9B4BB015-E8C1-4553-BBA1-6E772A4ACE73}.Debug_DLL|x64.ActiveCfg = Debug_DLL|x64
		{9B4BB015-E8C1-4553-BBA1-6E772A4ACE73}.Debug_DLL|x64.Build.0 = Debug_DLL|x64
		{9B4BB015-E8C1-4553-BBA1-6E772A4ACE73}.Debug_DLL|x86.ActiveCfg = Debug_DLL|Win32
		{9B4BB015-E8C1-4553-BBA1-6E772A4ACE73}.Debug_DLL|x86.Build.0 = Debug_DLL|Win32
		{9B4BB015-E8C1-4553-BBA1-6E772A4ACE73}.Debug|x64.ActiveCfg = Debug|x64
		{9B4BB015-E8C1-4553-BBA1-6E772A4ACE73}.Debug|x64.Build.0 = Debug|x64
		{9B4BB015-E8C1-4553-BBA1-6E772A4ACE73}.Debug|x86.ActiveCfg = Debug|Win32
		{9B4BB015-E8C1-4553-BBA1-6E772A4ACE73}.Debug|x86.Build.0 = Debug|Win32
		{9B4BB015-E8C1-4553-BBA1-6E772A4ACE73}.Release_DLL|x64.ActiveCfg = Release_DLL|x64
		{9B4BB015-E8C1-4553-BBA1-6E772A4ACE73}.Release_DLL|x64.Build.0 = Release_DLL|x64
		{9B4BB015-E8C1-4553-BBA1-6E772A4ACE73}.Release_DLL|x86.ActiveCfg = Release_DLL|Win32
		{9B4BB015-E8C1-4553-BBA1-6E772A4ACE73}.Release_DLL|x86.Build.0 = Release_DLL|Win32
		{9B4BB015-E8C1-4553-BBA1-6E772A4ACE73}.Release|x64.ActiveCfg = Release|x64
		{9B4BB015-E8C1-4553-BBA1-6E772A4ACE73}.Release|x64.Build.0 = Release|x64
		{9B4BB015-E8C1-4553-BBA1-6E772A4ACE73}.Release|x86.ActiveCfg = Release|Win32
		{9B4BB015-E8C1-4553-BBA1-6E772A4ACE73}.Release|x86.Build.0 = Release|Win32
		{4D4EC5F7-5BED-45B5-9AB8-83AA3C4312B8}.Debug_DLL|x64.ActiveCfg = Debug_DLL|x64
		{4D4EC5F7-5BED-45B5-9AB8-83AA3C4312B8}.Debug_DLL|x64.Build.0 = Debug_DLL|x64
		{4D4EC5F7-5BED-45B5-9AB8-83AA3C4312B8}.Debug_DLL|x86.ActiveCfg = Debug_DLL|Win32
		{4D4EC5F7-5BED-45B5-9AB8-83AA3C4312B8}.Debug_DLL|x86.Build.0 = Debug_DLL|Win32
		{4D4EC5F7-5BED-45B5-9AB8-83AA3C4312B8}.Debug|x64.ActiveCfg = Debug|x64
		{4D4EC5F7-5BED-45B5-9AB8-83AA3C4312B8}.Debug|x64.Build.0 = Debug|x64
		{4D4EC5F7-5BED-45B5-9AB8-83AA3C4312B8}.Debug|x86.ActiveCfg = Debug|Win32
		{4D4EC5F7-5BED-45B5-9AB8-83AA3C4312B8}.Debug|x86.Build.0 = Debug|Win32
		{4D4EC5F7-5BED-45B5-9AB8-83AA3C4312B8}.Release_DLL|x64.ActiveCfg = Release_DLL|x64
		{4D4EC5F7-5BED-45B5-9AB8-83AA3C4312B8}.Release_DLL|x64.Build.0 = Release_DLL|x64
		{4D4EC5F7-5BED-45B5-9AB8-83AA3C4312B8}.Release_DLL|x86.ActiveCfg = Release_DLL|Win32
		{4D4EC5F7-5BED-45B5-9AB8-83AA3C4312B8}.Release_DLL|x86.Build.0 = Release_DLL|Win32
		{4D4EC5F7-5BED-45B5-9AB8-83AA3C4312B8}.Release|x64.ActiveCfg = Release|x64
		{4D4EC5F7-5BED-45B5-9AB8-83AA3C4312B8}.Release|x64.Build.0 = Release|x64
		{4D4EC5F7-5BED-45B5-9AB8-83AA3C4312B8}.Release|x86.ActiveCfg = Release|Win32
		{4D4EC5F7-5BED-45B5-9AB8-83AA3C4312B8}.Release|x86.Build.0 = Release|Win32
		{BEE97849-0337-4514-A838-3443F76DB6A3}.Debug_DLL|x64.ActiveCfg = Debug_DLL|x64
		{BEE97849-0337-4514-A838-3443F76DB6A3}.Debug_DLL|x64.Build.0 = Debug_DLL|x64
		{BEE97849-0337-4514-A838-3443F76DB6A3}.Debug_DLL|x86.ActiveCfg = Debug_DLL|Win32
		{BEE97849-0337-4514-A838-3443F76DB6A3}.Debug_DLL|x86.Build.0 = Debug_DLL|Win32
		{BEE97849-0337-4514-A838-3443F76DB6A3}.Debug|x64.ActiveCfg = Debug|x64
		{BEE97849-0337-4514-A838-3443F76DB6A3}.Debug|x64.Build.0 = Debug|x64
		{BEE97849-0337-4514-A838-3443F76DB6A3}.Debug|x86.ActiveCfg = Debug|Win32
		{BEE97849-0337-4514-A838-3443F76DB6A3}.Debug|x86.Build.0 = Debug|Win32
		{BEE97849-0337-4514-A838-3443F76DB6A3}.Release_DLL|x64.ActiveCfg = Release_DLL|x64
		{BEE97849-0337-4514-A838-3443F76DB6A3}.Release_DLL|x64.Build.0 = Release_DLL|x64
		{BEE97849-0337-4514-A838-3443F76DB6A3}.Release_DLL|x86.ActiveCfg = Release_DLL|Win32
		{BEE97849-0337-4514-A838-3443F76DB6A3}.Release_DLL|x86.Build.0 = Release_DLL|Win32
		{BEE97849-0337-4514-A838-3443F76DB6A3}.Release|x64.ActiveCfg = Release|x64
		{BEE97849-0337-4514-A838-3443F76DB6A3}.Release|x64.Build.0 = Release|x64
		{BEE97849-0337-4514-A838-3443F76DB6A3}.Release|x86.ActiveCfg = Release|Win32
		{BEE97849-0337-4514-A838-3443F76DB6A3}.Release|x86.Build.0 = Release|Win32
		{9D2A28DE-03F2-43EE-85B1-70BF30AFE791}.Debug_DLL|x64.ActiveCfg = Debug_DLL|x64
		{9D2A28DE-03F2-43EE-85B1-70BF30AFE791}.Debug_DLL|x64.Build.0 = Debug_DLL|x64
		{9D2A28DE-03F2-43EE-85B1-70BF30AFE791}.Debug_DLL|x86.ActiveCfg = Debug_DLL|Win32
		{9D2A28DE-03F2-43EE-85B1-70BF30AFE791}.Debug_DLL|x86.Build.0 = Debug_DLL|Win32
		{9D2A28DE-03F2-43EE-85B1-70BF30AFE791}.Debug|x64.ActiveCfg = Debug|x64
		{9D2A28DE-03F2-43EE-85B1-70BF30AFE791}.Debug|x64.Build.0 = Debug|x64
		{9D2A28DE-03F2-43EE-85B1-70BF30AFE791}.Debug|x86.ActiveCfg = Debug|Win32
		{9D2A28DE-03F2-43EE-85B1-70BF30AFE791}.Debug|x86.Build.0 = Debug|Win32
		{9D2A28DE-03F2-43EE-85B1-70BF30AFE791}.Release_DLL|x64.ActiveCfg = Release_DLL|x64
		{9D2A28DE-03F2-43EE-85B1-70BF30AFE791}.Release_DLL|x64.Build.0 = Release_DLL|x64
		{9D2A28DE-03F2-43EE-85B1-70BF30AFE791}.Release_DLL|x86.ActiveCfg = Release_DLL|Win32
		{9D2A28DE-03F2-43EE-85B1-70BF30AFE791}.Release_DLL|x86.Build.0 = Release_DLL|Win32
		{9D2A28DE-03F2-43EE-85B1-70BF30AFE791}.Release|x64.ActiveCfg = Release|x64
		{9D2A28DE-03F2-43EE-85B1-70BF30AFE791}.Release|x64.Build.0 = Release|x64
		{9D2A28DE-03F2-43EE-85B1-70BF30AFE791}.Release|x86.ActiveCfg = Release|Win32
		{9D2A28DE-03F2-43EE-85B1-70BF30AFE791}.Release|x86.Build.0 = Release|Win32
		{0E90F6A2-268E-4D32-96C7-8EDBBD2AB745}.Debug_DLL|x64.ActiveCfg = Debug_DLL|x64
		{0E90F6A2-268E-4D32-96C7-8EDBBD2AB745}.Debug_DLL|x64.Build.0 = Debug_DLL|x64
		{0E90F6A2-268E-4D32-96C7-8EDBBD2AB745}.Debug_DLL|x86.ActiveCfg = Debug_DLL|Win32
		{0E90F6A2-268E-4D32-96C7-8EDBBD2AB745}.Debug_DLL|x86.Build.0 = Debug_DLL|Win32
		{0E90F6A2-268E-4D32-96C7-8EDBBD2AB745}.Debug|x64.ActiveCfg = Debug|x64
		{0E90F6A2-268E-4D32-96C7-8EDBBD2AB745}.Debug|x64.Build.0 = Debug|x64
		{0E90F6A2-268E-4D32-96C7-8EDBBD2AB745}.Debug|x86.ActiveCfg = Debug|Win32
		{0E90F6A2-268E-4D32-96C7-8EDBBD2AB745}.Debug|x86.Build.0 = Debug|Win32
		{0E90F6A2-268E-4D32-96C7-8EDBBD2AB745}.Release_DLL|x64.ActiveCfg = Release_DLL|x64
		{0E90F6A2-268E-4D32-96C7-8EDBBD2AB745}.Release_DLL|x64.Build.0 = Release_DLL|x64
		{0E90F6A2-268E-4D32-96C7-8EDBBD2AB745}.Release_DLL|x86.ActiveCfg = Release_DLL|Win32
		{0E90F6A2-268E-4D32-96C7-8EDBBD2AB745}.Release_DLL|x86.Build.0 = Release_DLL|Win32
		{0E90F6A2-268E-4D32-96C7-8EDBBD2AB745}.Release|x64.ActiveCfg = Release|x64
		{0E90F6A2-268E-4D32-96C7-8EDBBD2AB745}.Release|x64.Build.0 = Release|x64
		{0E90F6A2-268E-4D32-96C7-8EDBBD2AB745}.Release|x86.ActiveCfg = Release|Win32
		{0E90F6A2-268E-4D32-96C7-8EDBBD2AB745}.Release|x86.Build.0 = Release|Win32
		{367354D0-DD6E-4E5C-9507-B5894CF27C9E}.Debug_DLL|x64.ActiveCfg = Debug_DLL|x64
		{367354D0-DD6E-4E5C-9507-B5894CF27C9E}.Debug_DLL|x64.Build.0 = Debug_DLL|x64
		{367354D0-DD6E-4E5C-9507-B5894CF27C9E}.Debug_DLL|x86.ActiveCfg = Debug_DLL|Win32
		{367354D0-DD6E-4E5C-9507-B5894CF27C9E}.Debug_DLL|x86.Build.0 = Debug_DLL|Win32
		{367354D0-DD6E-4E5C-9507-B5894CF27C9E}.Debug|x64.ActiveCfg = Debug|x64
		{367354D0-DD6E-4E5C-9507-B5894CF27C9E}.Debug|x64.Build.0 = Debug|x64
		{367354D0-DD6E-4E5C-9507-B5894CF27C9E}.Debug|x86.ActiveCfg = Debug|Win32
		{367354D0-DD6E-4E5C-9507-B5894CF27C9E}.Debug|x86.Build.0 = Debug|Win32
		{367354D0-DD6E-4E5C-9507-B5894CF27C9E}.Release_DLL|x64.ActiveCfg = Release_DLL|x64
		{367354D0-DD6E-4E5C-9507-B5894CF27C9E}.Release_DLL|x64.Build.0 = Release_DLL|x64
		{367354D0-DD6E-4E5C-9507-B5894CF27C9E}.Release_DLL|x86.ActiveCfg = Release_DLL|Win32
		{367354D0-DD6E-4E5C-9507-B5894CF27C9E}.Release_DLL|x86.Build.0 = Release_DLL|Win32
		{367354D0-DD6E-4E5C-9507-B5894CF27C9E}.Release|x64.ActiveCfg = Release|x64
		{367354D0-DD6E-4E5C-9507-B5894CF27C9E}.Release|x64.Build.0 = Release|x64
		{367354D0-DD6E-4E5C-9507-B5894CF27C9E}.Release|x86.ActiveCfg = Release|Win32
		{367354D0-DD6E-4E5C-9507-B5894CF27C9E}.Release|x86.Build.0 = Release|Win32
		{2A82E886-E2B6-410C-A0D0-02090DE0CA2F}.Debug_DLL|x64.ActiveCfg = Debug_DLL|x64
		{2A82E886-E2B6-410C-A0D0-02090DE0CA2F}.Debug_DLL|x64.Build.0 = Debug_DLL|x64
		{2A82E886-E2B6-410C-A0D0-02090DE0CA2F}.Debug_DLL|x86.ActiveCfg = Debug_DLL|Win32
		{2A82E886-E2B6-410C-A0D0-02090DE0CA2F}.Debug_DLL|x86.Build.0 = Debug_DLL|Win32
		{2A82E886-E2B6-410C-A0D0-02090DE0CA2F}.Debug|x64.ActiveCfg = Debug|x64
		{2A82E886-E2B6-410C-A0D0-02090DE0CA2F}.Debug|x64.Build.0 = Debug|x64
		{2A82E886-E2B6-410C-A0D0-02090DE0CA2F}.Debug|x86.ActiveCfg = Debug|Win32
		{2A82E886-E2B6-410C-A0D0-02090DE0CA2F}.Debug|x86.Build.0 = Debug|Win32
		{2A82E886-E2B6-410C-A0D0-02090DE0CA2F}.Release_DLL|x64.ActiveCfg = Release_DLL|x64
		{2A82E886-E2B6-410C-A0D0-02090DE0CA2F}.Release_DLL|x64.Build.0 = Release_DLL|x64
		{2A82E886-E2B6-410C-A0D0-02090DE0CA2F}.Release_DLL|x86.ActiveCfg = Release_DLL|Win32
		{2A82E886-E2B6-410C-A0D0-02090DE0CA2F}.Release_DLL|x86.Build.0 = Release_DLL|Win32
		{2A82E886-E2B6-410C-A0D0-02090DE0CA2F}.Release|x64.ActiveCfg = Release|x64
		{2A82E886-E2B6-410C-A0D0-02090DE0CA2F}.Release|x64.Build.0 = Release|x64
		{2A82E886-E2B6-410C-A0D0-02090DE0CA2F}.Release|x86.ActiveCfg = Release|Win32
		{2A82E886-E2B6-410C-A0D0-02090DE0CA2F}.Release|x86.Build.0 = Release|Win32
		{CBA9D712-3F5A-4354-AA70-50E99DDA39DB}.Debug_DLL|x64.ActiveCfg = Debug_DLL|x64
		{CBA9D712-3F5A-4354-AA70-50E99DDA39DB}.Debug_DLL|x64.Build.0 = Debug_DLL|x64
		{CBA9D712-3F5A-4354-AA70-50E99DDA39DB}.Debug_DLL|x86.ActiveCfg = Debug_DLL|Win32
		{CBA9D712-3F5A-4354-AA70-50E99DDA39DB}.Debug_DLL|x86.Build.0 = Debug_DLL|Win32
		{CBA9D712-3F5A-4354-AA70-50E99DDA39DB}.Debug|x64.ActiveCfg = Debug|x64
		{CBA9D712-3F5A-4354-AA70-50E99DDA39DB}.Debug|x64.Build.0 = Debug|x64
		{CBA9D712-3F5A-4354-AA70-50E99DDA39DB}.Debug|x86.ActiveCfg = Debug|Win32
		{CBA9D712-3F5A-4354-AA70-50E99DDA39DB}.Debug|x86.Build.0 = Debug|Win32
		{CBA9D712-3F5A-4354-AA70-50E99DDA39DB}.Release_DLL|x64.ActiveCfg = Release_DLL|x64
		{CBA9D712-3F5A-4354-AA70-50E99DDA39DB}.Release_DLL|x64.Build.0 = Release_DLL|x64
		{CBA9D712-3F5A-4354-AA70-50E99DDA39DB}.Release_DLL|x86.ActiveCfg = Release_DLL|Win32
		{CBA9D712-3F5A-4354-AA70-50E99DDA39DB}.Release_DLL|x86.Build.0 = Release_DLL|Win32
		{CBA9D712-3F5A-4354-AA70-50E99DDA39DB}.Release|x64.ActiveCfg = Release|x64
		{CBA9D712-3F5A-4354-AA70-50E99DDA39DB}.Release|x64.Build.0 = Release|x64
		{CBA9D712-3F5A-4354-AA70-50E99DDA39DB}.Release|x86.ActiveCfg = Release|Win32
		{CBA9D712-3F5A-4354-AA70-50E99DDA39DB}.Release|x86.Build.0 = Release|Win32
		{2A021BA4-9605-4881-8C68-C3E2DAAE29CE}.Debug_DLL|x64.ActiveCfg = Debug_DLL|x64
		{2A021BA4-9605-4881-8C68-C3E2DAAE29CE}.Debug_DLL|x64.Build.0 = Debug_DLL|x64
		{2A021BA4-9605-4881-8C68-C3E2DAAE29CE}.Debug_DLL|x86.ActiveCfg = Debug_DLL|Win32
		{2A021BA4-9605-4881-8C68-C3E2DAAE29CE}.Debug_DLL|x86.Build.0 = Debug_DLL|Win32
		{2A021BA4-9605-4881-8C68-C3E2DAAE29CE}.Debug|x64.ActiveCfg = Debug|x64
		{2A021BA4-9605-4881-8C68-C3E2DAAE29CE}.Debug|x64.Build.0 = Debug|x64
		{2A021BA4-9605-4881-8C68-C3E2DAAE29CE}.Debug|x86.ActiveCfg = Debug|Win32
		{2A021BA4-9605-4881-8C68-C3E2DAAE29CE}.Debug|x86.Build.0 = Debug|Win32
		{2A021BA4-9605-4881-8C68-C3E2DAAE29CE}.Release_DLL|x64.ActiveCfg = Release_DLL|x64
		{2A021BA4-9605-4881-8C68-C3E2DAAE29CE}.Release_DLL|x64.Build.0 = Release_DLL|x64
		{2A021BA4-9605-4881-8C68-C3E2DAAE29CE}.Release_DLL|x86.ActiveCfg = Release_DLL|Win32
		{2A021BA4-9605-4881-8C68-C3E2DAAE29CE}.Release_DLL|x86.Build.0 = Release_DLL|Win32
		{2A021BA4-9605-4881-8C68-C3E2DAAE29CE}.Release|x64.ActiveCfg = Release|x64
		{2A021BA4-9605-4881-8C68-C3E2DAAE29CE}.Release|x64.Build.0 = Release|x64
		{2A021BA4-9605-4881-8C68-C3E2DAAE29CE}.Release|x86.ActiveCfg = Release|Win32
		{2A021BA4-9605-4881-8C68-C3E2DAAE29CE}.Release|x86.Build.0 = Release|Win32
	EndGlobalSection
	GlobalSection(SolutionProperties) = preSolution
		HideSolutionNode = FALSE
	EndGlobalSection
EndGlobal
